
Microsoft Visual Studio Solution File, Format Version 12.00
# Visual Studio Version 17
VisualStudioVersion = 17.11.35327.3
MinimumVisualStudioVersion = 10.0.40219.1
Project("{FAE04EC0-301F-11D3-BF4B-00C04F79EFBC}") = "C#PRACTICE", "C#PRACTICE\C#PRACTICE.csproj", "{85CAA1BA-B17C-4A90-B613-6D02B5995DB6}"
EndProject
Global
	GlobalSection(SolutionConfigurationPlatforms) = preSolution
		Debug|Any CPU = Debug|Any CPU
		Release|Any CPU = Release|Any CPU
	EndGlobalSection
	GlobalSection(ProjectConfigurationPlatforms) = postSolution
		{85CAA1BA-B17C-4A90-B613-6D02B5995DB6}.Debug|Any CPU.ActiveCfg = Debug|Any CPU
		{85CAA1BA-B17C-4A90-B613-6D02B5995DB6}.Debug|Any CPU.Build.0 = Debug|Any CPU
		{85CAA1BA-B17C-4A90-B613-6D02B5995DB6}.Release|Any CPU.ActiveCfg = Release|Any CPU
		{85CAA1BA-B17C-4A90-B613-6D02B5995DB6}.Release|Any CPU.Build.0 = Release|Any CPU
	EndGlobalSection
	GlobalSection(SolutionProperties) = preSolution
		HideSolutionNode = FALSE
	EndGlobalSection
	GlobalSection(ExtensibilityGlobals) = postSolution
		SolutionGuid = {97A5BE2C-2D3F-4A06-B6DD-4D69F7A69717}
	EndGlobalSection
EndGlobal
